
Microsoft Visual Studio Solution File, Format Version 12.00
# Visual Studio Version 16
VisualStudioVersion = 16.0.28917.181
MinimumVisualStudioVersion = 10.0.40219.1
Project("{2150E333-8FDC-42A3-9474-1A3956D46DE8}") = "src", "src", "{69371F1A-694C-4B70-9922-634B0704FF1F}"
EndProject
Project("{2150E333-8FDC-42A3-9474-1A3956D46DE8}") = "tests", "tests", "{2C82FDC2-46C7-4B9E-843B-1179FB4E4E81}"
EndProject
Project("{9A19103F-16F7-4668-BE54-9A1E7A4F7556}") = "Whp.MaisTop.Tests", "tests\Whp.MaisTop.Tests\Whp.MaisTop.Tests.csproj", "{CDBE15AB-57BC-41E0-ACB7-D23755E3B214}"
EndProject
Project("{9A19103F-16F7-4668-BE54-9A1E7A4F7556}") = "Whp.MaisTop.Data", "src\Whp.MaisTop.Data\Whp.MaisTop.Data.csproj", "{4A217DCD-D45A-42BB-9FF2-FC87FD0A76E3}"
EndProject
Project("{9A19103F-16F7-4668-BE54-9A1E7A4F7556}") = "Whp.MaisTop.Business", "src\Whp.MaisTop.Business\Whp.MaisTop.Business.csproj", "{ADDC177C-FA7A-4372-849A-11FDB2AD027D}"
EndProject
Project("{9A19103F-16F7-4668-BE54-9A1E7A4F7556}") = "Whp.MaisTop.Domain", "src\Whp.MaisTop.Domain\Whp.MaisTop.Domain.csproj", "{87CAC69B-F445-4112-8DC4-CC8ECD28B311}"
EndProject
Project("{9A19103F-16F7-4668-BE54-9A1E7A4F7556}") = "Whp.MaisTop.CrossCutting.IoC", "src\Whp.MaisTop.CrossCutting.IoC\Whp.MaisTop.CrossCutting.IoC.csproj", "{87959D1E-574B-4CD9-B12C-163950AAC426}"
EndProject
Project("{9A19103F-16F7-4668-BE54-9A1E7A4F7556}") = "Whp.MaisTop.Api", "src\Whp.MaisTop.Api\Whp.MaisTop.Api.csproj", "{06AEFA09-DFBE-4E5B-84F5-2FAD58094B44}"
EndProject
Project("{9A19103F-16F7-4668-BE54-9A1E7A4F7556}") = "Whp.MaisTop.FilesProcessing", "src\Whp.MaisTop.FilesProcessing\Whp.MaisTop.FilesProcessing.csproj", "{DBA8B155-8C23-4D56-A2E6-2105B08C8DE5}"
EndProject
Project("{9A19103F-16F7-4668-BE54-9A1E7A4F7556}") = "Whp.MaisTop.TrainingProcessing", "src\Whp.MaisTop.TrainingProcessing\Whp.MaisTop.TrainingProcessing.csproj", "{2DFECA98-4863-4E75-8CE9-76EFDBE0A9AE}"
EndProject
Project("{9A19103F-16F7-4668-BE54-9A1E7A4F7556}") = "Whp.MaisTop.PointsExpiration", "src\Whp.MaisTop.PointsExpiration\Whp.MaisTop.PointsExpiration.csproj", "{5C2A3975-1C6F-4019-BCD6-3CF092B18F4C}"
EndProject
Project("{9A19103F-16F7-4668-BE54-9A1E7A4F7556}") = "Whp.MaisTop.PasswordExpiration", "src\Whp.MaisTop.PasswordExpiration\Whp.MaisTop.PasswordExpiration.csproj", "{50254E43-B734-4146-84E2-88D341A3EE1B}"
EndProject
Project("{9A19103F-16F7-4668-BE54-9A1E7A4F7556}") = "Whp.MaisTop.BirthdayProcessing", "src\Whp.MaisTop.BirthdayProcessing\Whp.MaisTop.BirthdayProcessing.csproj", "{69DD061C-365F-4242-BD95-16A154FB9186}"
EndProject
Project("{9A19103F-16F7-4668-BE54-9A1E7A4F7556}") = "Whp.MaisTop.HavanProcessing", "src\Whp.MaisTop.HavanProcessing\Whp.MaisTop.HavanProcessing.csproj", "{596F1955-2574-4BA4-B146-EBAF327A6654}"
EndProject
Project("{9A19103F-16F7-4668-BE54-9A1E7A4F7556}") = "Whp.MaisTop.Api.Rescue", "src\Whp.MaisTop.Api.Rescue\Whp.MaisTop.Api.Rescue.csproj", "{AEB75652-74BF-4E12-9BDE-57117FA04107}"
EndProject
Project("{FAE04EC0-301F-11D3-BF4B-00C04F79EFBC}") = "Whp.MaisTop.WS", "src\Whp.MaisTop.WS\Whp.MaisTop.WS.csproj", "{0AFBBCD7-D77C-4893-A98E-C46B6916BCC3}"
EndProject
Global
	GlobalSection(SolutionConfigurationPlatforms) = preSolution
		Debug|Any CPU = Debug|Any CPU
		Release|Any CPU = Release|Any CPU
	EndGlobalSection
	GlobalSection(ProjectConfigurationPlatforms) = postSolution
		{CDBE15AB-57BC-41E0-ACB7-D23755E3B214}.Debug|Any CPU.ActiveCfg = Debug|Any CPU
		{CDBE15AB-57BC-41E0-ACB7-D23755E3B214}.Debug|Any CPU.Build.0 = Debug|Any CPU
		{CDBE15AB-57BC-41E0-ACB7-D23755E3B214}.Release|Any CPU.ActiveCfg = Release|Any CPU
		{CDBE15AB-57BC-41E0-ACB7-D23755E3B214}.Release|Any CPU.Build.0 = Release|Any CPU
		{4A217DCD-D45A-42BB-9FF2-FC87FD0A76E3}.Debug|Any CPU.ActiveCfg = Debug|Any CPU
		{4A217DCD-D45A-42BB-9FF2-FC87FD0A76E3}.Debug|Any CPU.Build.0 = Debug|Any CPU
		{4A217DCD-D45A-42BB-9FF2-FC87FD0A76E3}.Release|Any CPU.ActiveCfg = Release|Any CPU
		{4A217DCD-D45A-42BB-9FF2-FC87FD0A76E3}.Release|Any CPU.Build.0 = Release|Any CPU
		{ADDC177C-FA7A-4372-849A-11FDB2AD027D}.Debug|Any CPU.ActiveCfg = Debug|Any CPU
		{ADDC177C-FA7A-4372-849A-11FDB2AD027D}.Debug|Any CPU.Build.0 = Debug|Any CPU
		{ADDC177C-FA7A-4372-849A-11FDB2AD027D}.Release|Any CPU.ActiveCfg = Release|Any CPU
		{ADDC177C-FA7A-4372-849A-11FDB2AD027D}.Release|Any CPU.Build.0 = Release|Any CPU
		{87CAC69B-F445-4112-8DC4-CC8ECD28B311}.Debug|Any CPU.ActiveCfg = Debug|Any CPU
		{87CAC69B-F445-4112-8DC4-CC8ECD28B311}.Debug|Any CPU.Build.0 = Debug|Any CPU
		{87CAC69B-F445-4112-8DC4-CC8ECD28B311}.Release|Any CPU.ActiveCfg = Release|Any CPU
		{87CAC69B-F445-4112-8DC4-CC8ECD28B311}.Release|Any CPU.Build.0 = Release|Any CPU
		{87959D1E-574B-4CD9-B12C-163950AAC426}.Debug|Any CPU.ActiveCfg = Debug|Any CPU
		{87959D1E-574B-4CD9-B12C-163950AAC426}.Debug|Any CPU.Build.0 = Debug|Any CPU
		{87959D1E-574B-4CD9-B12C-163950AAC426}.Release|Any CPU.ActiveCfg = Release|Any CPU
		{87959D1E-574B-4CD9-B12C-163950AAC426}.Release|Any CPU.Build.0 = Release|Any CPU
		{06AEFA09-DFBE-4E5B-84F5-2FAD58094B44}.Debug|Any CPU.ActiveCfg = Debug|Any CPU
		{06AEFA09-DFBE-4E5B-84F5-2FAD58094B44}.Debug|Any CPU.Build.0 = Debug|Any CPU
		{06AEFA09-DFBE-4E5B-84F5-2FAD58094B44}.Release|Any CPU.ActiveCfg = Release|Any CPU
		{06AEFA09-DFBE-4E5B-84F5-2FAD58094B44}.Release|Any CPU.Build.0 = Release|Any CPU
		{DBA8B155-8C23-4D56-A2E6-2105B08C8DE5}.Debug|Any CPU.ActiveCfg = Debug|Any CPU
		{DBA8B155-8C23-4D56-A2E6-2105B08C8DE5}.Debug|Any CPU.Build.0 = Debug|Any CPU
		{DBA8B155-8C23-4D56-A2E6-2105B08C8DE5}.Release|Any CPU.ActiveCfg = Release|Any CPU
		{DBA8B155-8C23-4D56-A2E6-2105B08C8DE5}.Release|Any CPU.Build.0 = Release|Any CPU
		{2DFECA98-4863-4E75-8CE9-76EFDBE0A9AE}.Debug|Any CPU.ActiveCfg = Debug|Any CPU
		{2DFECA98-4863-4E75-8CE9-76EFDBE0A9AE}.Debug|Any CPU.Build.0 = Debug|Any CPU
		{2DFECA98-4863-4E75-8CE9-76EFDBE0A9AE}.Release|Any CPU.ActiveCfg = Release|Any CPU
		{2DFECA98-4863-4E75-8CE9-76EFDBE0A9AE}.Release|Any CPU.Build.0 = Release|Any CPU
		{5C2A3975-1C6F-4019-BCD6-3CF092B18F4C}.Debug|Any CPU.ActiveCfg = Debug|Any CPU
		{5C2A3975-1C6F-4019-BCD6-3CF092B18F4C}.Debug|Any CPU.Build.0 = Debug|Any CPU
		{5C2A3975-1C6F-4019-BCD6-3CF092B18F4C}.Release|Any CPU.ActiveCfg = Release|Any CPU
		{5C2A3975-1C6F-4019-BCD6-3CF092B18F4C}.Release|Any CPU.Build.0 = Release|Any CPU
		{50254E43-B734-4146-84E2-88D341A3EE1B}.Debug|Any CPU.ActiveCfg = Debug|Any CPU
		{50254E43-B734-4146-84E2-88D341A3EE1B}.Debug|Any CPU.Build.0 = Debug|Any CPU
		{50254E43-B734-4146-84E2-88D341A3EE1B}.Release|Any CPU.ActiveCfg = Release|Any CPU
		{50254E43-B734-4146-84E2-88D341A3EE1B}.Release|Any CPU.Build.0 = Release|Any CPU
		{69DD061C-365F-4242-BD95-16A154FB9186}.Debug|Any CPU.ActiveCfg = Debug|Any CPU
		{69DD061C-365F-4242-BD95-16A154FB9186}.Debug|Any CPU.Build.0 = Debug|Any CPU
		{69DD061C-365F-4242-BD95-16A154FB9186}.Release|Any CPU.ActiveCfg = Release|Any CPU
		{69DD061C-365F-4242-BD95-16A154FB9186}.Release|Any CPU.Build.0 = Release|Any CPU
		{596F1955-2574-4BA4-B146-EBAF327A6654}.Debug|Any CPU.ActiveCfg = Debug|Any CPU
		{596F1955-2574-4BA4-B146-EBAF327A6654}.Debug|Any CPU.Build.0 = Debug|Any CPU
		{596F1955-2574-4BA4-B146-EBAF327A6654}.Release|Any CPU.ActiveCfg = Release|Any CPU
		{596F1955-2574-4BA4-B146-EBAF327A6654}.Release|Any CPU.Build.0 = Release|Any CPU
		{AEB75652-74BF-4E12-9BDE-57117FA04107}.Debug|Any CPU.ActiveCfg = Debug|Any CPU
		{AEB75652-74BF-4E12-9BDE-57117FA04107}.Debug|Any CPU.Build.0 = Debug|Any CPU
		{AEB75652-74BF-4E12-9BDE-57117FA04107}.Release|Any CPU.ActiveCfg = Release|Any CPU
		{AEB75652-74BF-4E12-9BDE-57117FA04107}.Release|Any CPU.Build.0 = Release|Any CPU
		{0AFBBCD7-D77C-4893-A98E-C46B6916BCC3}.Debug|Any CPU.ActiveCfg = Debug|Any CPU
		{0AFBBCD7-D77C-4893-A98E-C46B6916BCC3}.Debug|Any CPU.Build.0 = Debug|Any CPU
		{0AFBBCD7-D77C-4893-A98E-C46B6916BCC3}.Release|Any CPU.ActiveCfg = Release|Any CPU
		{0AFBBCD7-D77C-4893-A98E-C46B6916BCC3}.Release|Any CPU.Build.0 = Release|Any CPU
	EndGlobalSection
	GlobalSection(SolutionProperties) = preSolution
		HideSolutionNode = FALSE
	EndGlobalSection
	GlobalSection(NestedProjects) = preSolution
		{CDBE15AB-57BC-41E0-ACB7-D23755E3B214} = {2C82FDC2-46C7-4B9E-843B-1179FB4E4E81}
		{4A217DCD-D45A-42BB-9FF2-FC87FD0A76E3} = {69371F1A-694C-4B70-9922-634B0704FF1F}
		{ADDC177C-FA7A-4372-849A-11FDB2AD027D} = {69371F1A-694C-4B70-9922-634B0704FF1F}
		{87CAC69B-F445-4112-8DC4-CC8ECD28B311} = {69371F1A-694C-4B70-9922-634B0704FF1F}
		{87959D1E-574B-4CD9-B12C-163950AAC426} = {69371F1A-694C-4B70-9922-634B0704FF1F}
		{06AEFA09-DFBE-4E5B-84F5-2FAD58094B44} = {69371F1A-694C-4B70-9922-634B0704FF1F}
		{DBA8B155-8C23-4D56-A2E6-2105B08C8DE5} = {69371F1A-694C-4B70-9922-634B0704FF1F}
		{2DFECA98-4863-4E75-8CE9-76EFDBE0A9AE} = {69371F1A-694C-4B70-9922-634B0704FF1F}
		{5C2A3975-1C6F-4019-BCD6-3CF092B18F4C} = {69371F1A-694C-4B70-9922-634B0704FF1F}
		{50254E43-B734-4146-84E2-88D341A3EE1B} = {69371F1A-694C-4B70-9922-634B0704FF1F}
		{69DD061C-365F-4242-BD95-16A154FB9186} = {69371F1A-694C-4B70-9922-634B0704FF1F}
		{596F1955-2574-4BA4-B146-EBAF327A6654} = {69371F1A-694C-4B70-9922-634B0704FF1F}
		{AEB75652-74BF-4E12-9BDE-57117FA04107} = {69371F1A-694C-4B70-9922-634B0704FF1F}
		{0AFBBCD7-D77C-4893-A98E-C46B6916BCC3} = {69371F1A-694C-4B70-9922-634B0704FF1F}
	EndGlobalSection
	GlobalSection(ExtensibilityGlobals) = postSolution
		SolutionGuid = {9F3F3D17-1C63-406D-8417-239A154CB52A}
	EndGlobalSection
EndGlobal
